# This file is autogenerated, do not edit; changes may be undone by the next 'dep ensure'.


[[projects]]
  branch = "master"
  name = "github.com/golang/glog"
  packages = ["."]
  revision = "23def4e6c14b4da8ac2ed8007337bc5eb5007998"

[[projects]]
  name = "github.com/samuel/go-zookeeper"
  packages = ["zk"]
  revision = "9a96098268ef555eb1f04d8b1ee813d0a87e5089"

[[projects]]
  name = "github.com/xgfone/go-config"
  packages = ["."]
  revision = "b6d384f408aa04c6ec4fa7c98ca1a70ba1c52ecd"
  version = "v3.0.0"

[[projects]]
  name = "github.com/xgfone/go-tools"
  packages = ["lifecycle","log2","net2/http2","signal2"]
  revision = "988aedc0f1c4f277be459ec0fea07e47bf751bc1"
  version = "v2.0.0"

[solve-meta]
  analyzer-name = "dep"
  analyzer-version = 1
  inputs-digest = "5618f3e142b48ef314f82ab90792fc056c36fe7196f181c553509eb58ce03847"
  solver-name = "gps-cdcl"
  solver-version = 1
